// !$*UTF8*$!
{
	archiveVersion = 1;
	classes = {
	};
	objectVersion = 56;
	objects = {

/* Begin PBXBuildFile section */
		1553F5C92C84AB6F00595D90 /* CategoryTableViewController.swift in Sources */ = {isa = PBXBuildFile; fileRef = 1553F5C82C84AB6F00595D90 /* CategoryTableViewController.swift */; };
		1553F5CB2C84AB8E00595D90 /* MenuTableViewController.swift in Sources */ = {isa = PBXBuildFile; fileRef = 1553F5CA2C84AB8E00595D90 /* MenuTableViewController.swift */; };
		1553F5CD2C84AD8600595D90 /* MenuItemDetailViewController.swift in Sources */ = {isa = PBXBuildFile; fileRef = 1553F5CC2C84AD8600595D90 /* MenuItemDetailViewController.swift */; };
		1553F5D22C84B89300595D90 /* MenuItem.swift in Sources */ = {isa = PBXBuildFile; fileRef = 1553F5D12C84B89300595D90 /* MenuItem.swift */; };
		1553F5D42C84BAB400595D90 /* ResponseModels.swift in Sources */ = {isa = PBXBuildFile; fileRef = 1553F5D32C84BAB400595D90 /* ResponseModels.swift */; };
		1553F5D62C84BCD100595D90 /* Order.swift in Sources */ = {isa = PBXBuildFile; fileRef = 1553F5D52C84BCD100595D90 /* Order.swift */; };
		1553F5D82C84BDC800595D90 /* MenuController.swift in Sources */ = {isa = PBXBuildFile; fileRef = 1553F5D72C84BDC800595D90 /* MenuController.swift */; };
		157CEFC02C8219BE007F764F /* AppDelegate.swift in Sources */ = {isa = PBXBuildFile; fileRef = 157CEFBF2C8219BE007F764F /* AppDelegate.swift */; };
		157CEFC22C8219BE007F764F /* SceneDelegate.swift in Sources */ = {isa = PBXBuildFile; fileRef = 157CEFC12C8219BE007F764F /* SceneDelegate.swift */; };
		157CEFC72C8219BE007F764F /* Base in Resources */ = {isa = PBXBuildFile; fileRef = 157CEFC62C8219BE007F764F /* Base */; };
		157CEFC92C8219BF007F764F /* Assets.xcassets in Resources */ = {isa = PBXBuildFile; fileRef = 157CEFC82C8219BF007F764F /* Assets.xcassets */; };
		157CEFCC2C8219BF007F764F /* Base in Resources */ = {isa = PBXBuildFile; fileRef = 157CEFCB2C8219BF007F764F /* Base */; };
		15D23E0C2C88E56700B4176D /* OrderTableViewController.swift in Sources */ = {isa = PBXBuildFile; fileRef = 15D23E0B2C88E56700B4176D /* OrderTableViewController.swift */; };
/* End PBXBuildFile section */

/* Begin PBXFileReference section */
		1553F5C82C84AB6F00595D90 /* CategoryTableViewController.swift */ = {isa = PBXFileReference; lastKnownFileType = sourcecode.swift; path = CategoryTableViewController.swift; sourceTree = "<group>"; };
		1553F5CA2C84AB8E00595D90 /* MenuTableViewController.swift */ = {isa = PBXFileReference; lastKnownFileType = sourcecode.swift; path = MenuTableViewController.swift; sourceTree = "<group>"; };
		1553F5CC2C84AD8600595D90 /* MenuItemDetailViewController.swift */ = {isa = PBXFileReference; lastKnownFileType = sourcecode.swift; path = MenuItemDetailViewController.swift; sourceTree = "<group>"; };
		1553F5D12C84B89300595D90 /* MenuItem.swift */ = {isa = PBXFileReference; lastKnownFileType = sourcecode.swift; path = MenuItem.swift; sourceTree = "<group>"; };
		1553F5D32C84BAB400595D90 /* ResponseModels.swift */ = {isa = PBXFileReference; lastKnownFileType = sourcecode.swift; path = ResponseModels.swift; sourceTree = "<group>"; };
		1553F5D52C84BCD100595D90 /* Order.swift */ = {isa = PBXFileReference; lastKnownFileType = sourcecode.swift; path = Order.swift; sourceTree = "<group>"; };
		1553F5D72C84BDC800595D90 /* MenuController.swift */ = {isa = PBXFileReference; lastKnownFileType = sourcecode.swift; path = MenuController.swift; sourceTree = "<group>"; };
		157CEFBC2C8219BE007F764F /* Restaurant.app */ = {isa = PBXFileReference; explicitFileType = wrapper.application; includeInIndex = 0; path = Restaurant.app; sourceTree = BUILT_PRODUCTS_DIR; };
		157CEFBF2C8219BE007F764F /* AppDelegate.swift */ = {isa = PBXFileReference; lastKnownFileType = sourcecode.swift; path = AppDelegate.swift; sourceTree = "<group>"; };
		157CEFC12C8219BE007F764F /* SceneDelegate.swift */ = {isa = PBXFileReference; lastKnownFileType = sourcecode.swift; path = SceneDelegate.swift; sourceTree = "<group>"; };
		157CEFC62C8219BE007F764F /* Base */ = {isa = PBXFileReference; lastKnownFileType = file.storyboard; name = Base; path = Base.lproj/Main.storyboard; sourceTree = "<group>"; };
		157CEFC82C8219BF007F764F /* Assets.xcassets */ = {isa = PBXFileReference; lastKnownFileType = folder.assetcatalog; path = Assets.xcassets; sourceTree = "<group>"; };
		157CEFCB2C8219BF007F764F /* Base */ = {isa = PBXFileReference; lastKnownFileType = file.storyboard; name = Base; path = Base.lproj/LaunchScreen.storyboard; sourceTree = "<group>"; };
		157CEFCD2C8219BF007F764F /* Info.plist */ = {isa = PBXFileReference; lastKnownFileType = text.plist.xml; path = Info.plist; sourceTree = "<group>"; };
		15D23E0B2C88E56700B4176D /* OrderTableViewController.swift */ = {isa = PBXFileReference; lastKnownFileType = sourcecode.swift; name = OrderTableViewController.swift; path = Controller/OrderTableViewController.swift; sourceTree = SOURCE_ROOT; };
/* End PBXFileReference section */

/* Begin PBXFrameworksBuildPhase section */
		157CEFB92C8219BE007F764F /* Frameworks */ = {
			isa = PBXFrameworksBuildPhase;
			buildActionMask = 2147483647;
			files = (
			);
			runOnlyForDeploymentPostprocessing = 0;
		};
/* End PBXFrameworksBuildPhase section */

/* Begin PBXGroup section */
		1553F5CE2C84AD9A00595D90 /* Model */ = {
			isa = PBXGroup;
			children = (
				1553F5D12C84B89300595D90 /* MenuItem.swift */,
				1553F5D32C84BAB400595D90 /* ResponseModels.swift */,
				1553F5D52C84BCD100595D90 /* Order.swift */,
			);
			path = Model;
			sourceTree = "<group>";
		};
		1553F5CF2C84ADB700595D90 /* View */ = {
			isa = PBXGroup;
			children = (
				157CEFCA2C8219BF007F764F /* LaunchScreen.storyboard */,
				157CEFC52C8219BE007F764F /* Main.storyboard */,
			);
			path = View;
			sourceTree = "<group>";
		};
		1553F5D02C84ADBC00595D90 /* Controller */ = {
			isa = PBXGroup;
			children = (
				1553F5C82C84AB6F00595D90 /* CategoryTableViewController.swift */,
				1553F5CC2C84AD8600595D90 /* MenuItemDetailViewController.swift */,
				1553F5CA2C84AB8E00595D90 /* MenuTableViewController.swift */,
				1553F5D72C84BDC800595D90 /* MenuController.swift */,
				15D23E0B2C88E56700B4176D /* OrderTableViewController.swift */,
			);
			path = Controller;
			sourceTree = "<group>";
		};
		157CEFB32C8219BE007F764F = {
			isa = PBXGroup;
			children = (
				1553F5CE2C84AD9A00595D90 /* Model */,
				1553F5CF2C84ADB700595D90 /* View */,
				1553F5D02C84ADBC00595D90 /* Controller */,
				157CEFBE2C8219BE007F764F /* Restaurant */,
				157CEFBD2C8219BE007F764F /* Products */,
			);
			sourceTree = "<group>";
		};
		157CEFBD2C8219BE007F764F /* Products */ = {
			isa = PBXGroup;
			children = (
				157CEFBC2C8219BE007F764F /* Restaurant.app */,
			);
			name = Products;
			sourceTree = "<group>";
		};
		157CEFBE2C8219BE007F764F /* Restaurant */ = {
			isa = PBXGroup;
			children = (
				157CEFBF2C8219BE007F764F /* AppDelegate.swift */,
				157CEFC12C8219BE007F764F /* SceneDelegate.swift */,
				157CEFC82C8219BF007F764F /* Assets.xcassets */,
				157CEFCD2C8219BF007F764F /* Info.plist */,
			);
			path = Restaurant;
			sourceTree = "<group>";
		};
/* End PBXGroup section */

/* Begin PBXNativeTarget section */
		157CEFBB2C8219BE007F764F /* Restaurant */ = {
			isa = PBXNativeTarget;
			buildConfigurationList = 157CEFD02C8219BF007F764F /* Build configuration list for PBXNativeTarget "Restaurant" */;
			buildPhases = (
				157CEFB82C8219BE007F764F /* Sources */,
				157CEFB92C8219BE007F764F /* Frameworks */,
				157CEFBA2C8219BE007F764F /* Resources */,
			);
			buildRules = (
			);
			dependencies = (
			);
			name = Restaurant;
			productName = Restaurant;
			productReference = 157CEFBC2C8219BE007F764F /* Restaurant.app */;
			productType = "com.apple.product-type.application";
		};
/* End PBXNativeTarget section */

/* Begin PBXProject section */
		157CEFB42C8219BE007F764F /* Project object */ = {
			isa = PBXProject;
			attributes = {
				BuildIndependentTargetsInParallel = 1;
				LastSwiftUpdateCheck = 1540;
				LastUpgradeCheck = 1540;
				TargetAttributes = {
					157CEFBB2C8219BE007F764F = {
						CreatedOnToolsVersion = 15.4;
					};
				};
			};
			buildConfigurationList = 157CEFB72C8219BE007F764F /* Build configuration list for PBXProject "Restaurant" */;
			compatibilityVersion = "Xcode 14.0";
			developmentRegion = en;
			hasScannedForEncodings = 0;
			knownRegions = (
				en,
				Base,
			);
			mainGroup = 157CEFB32C8219BE007F764F;
			productRefGroup = 157CEFBD2C8219BE007F764F /* Products */;
			projectDirPath = "";
			projectRoot = "";
			targets = (
				157CEFBB2C8219BE007F764F /* Restaurant */,
			);
		};
/* End PBXProject section */

/* Begin PBXResourcesBuildPhase section */
		157CEFBA2C8219BE007F764F /* Resources */ = {
			isa = PBXResourcesBuildPhase;
			buildActionMask = 2147483647;
			files = (
				157CEFC92C8219BF007F764F /* Assets.xcassets in Resources */,
				157CEFCC2C8219BF007F764F /* Base in Resources */,
				157CEFC72C8219BE007F764F /* Base in Resources */,
			);
			runOnlyForDeploymentPostprocessing = 0;
		};
/* End PBXResourcesBuildPhase section */

/* Begin PBXSourcesBuildPhase section */
		157CEFB82C8219BE007F764F /* Sources */ = {
			isa = PBXSourcesBuildPhase;
			buildActionMask = 2147483647;
			files = (
				1553F5CD2C84AD8600595D90 /* MenuItemDetailViewController.swift in Sources */,
				1553F5D82C84BDC800595D90 /* MenuController.swift in Sources */,
				1553F5CB2C84AB8E00595D90 /* MenuTableViewController.swift in Sources */,
				1553F5D62C84BCD100595D90 /* Order.swift in Sources */,
				157CEFC02C8219BE007F764F /* AppDelegate.swift in Sources */,
				1553F5D22C84B89300595D90 /* MenuItem.swift in Sources */,
				15D23E0C2C88E56700B4176D /* OrderTableViewController.swift in Sources */,
				157CEFC22C8219BE007F764F /* SceneDelegate.swift in Sources */,
				1553F5C92C84AB6F00595D90 /* CategoryTableViewController.swift in Sources */,
				1553F5D42C84BAB400595D90 /* ResponseModels.swift in Sources */,
			);
			runOnlyForDeploymentPostprocessing = 0;
		};
/* End PBXSourcesBuildPhase section */

/* Begin PBXVariantGroup section */
		157CEFC52C8219BE007F764F /* Main.storyboard */ = {
			isa = PBXVariantGroup;
			children = (
				157CEFC62C8219BE007F764F /* Base */,
			);
			name = Main.storyboard;
			sourceTree = "<group>";
		};
		157CEFCA2C8219BF007F764F /* LaunchScreen.storyboard */ = {
			isa = PBXVariantGroup;
			children = (
				157CEFCB2C8219BF007F764F /* Base */,
			);
			name = LaunchScreen.storyboard;
			sourceTree = "<group>";
		};
/* End PBXVariantGroup section */

/* Begin XCBuildConfiguration section */
		157CEFCE2C8219BF007F764F /* Debug */ = {
			isa = XCBuildConfiguration;
			buildSettings = {
				ALWAYS_SEARCH_USER_PATHS = NO;
				ASSETCATALOG_COMPILER_GENERATE_SWIFT_ASSET_SYMBOL_EXTENSIONS = YES;
				CLANG_ANALYZER_NONNULL = YES;
				CLANG_ANALYZER_NUMBER_OBJECT_CONVERSION = YES_AGGRESSIVE;
				CLANG_CXX_LANGUAGE_STANDARD = "gnu++20";
				CLANG_ENABLE_MODULES = YES;
				CLANG_ENABLE_OBJC_ARC = YES;
				CLANG_ENABLE_OBJC_WEAK = YES;
				CLANG_WARN_BLOCK_CAPTURE_AUTORELEASING = YES;
				CLANG_WARN_BOOL_CONVERSION = YES;
				CLANG_WARN_COMMA = YES;
				CLANG_WARN_CONSTANT_CONVERSION = YES;
				CLANG_WARN_DEPRECATED_OBJC_IMPLEMENTATIONS = YES;
				CLANG_WARN_DIRECT_OBJC_ISA_USAGE = YES_ERROR;
				CLANG_WARN_DOCUMENTATION_COMMENTS = YES;
				CLANG_WARN_EMPTY_BODY = YES;
				CLANG_WARN_ENUM_CONVERSION = YES;
				CLANG_WARN_INFINITE_RECURSION = YES;
				CLANG_WARN_INT_CONVERSION = YES;
				CLANG_WARN_NON_LITERAL_NULL_CONVERSION = YES;
				CLANG_WARN_OBJC_IMPLICIT_RETAIN_SELF = YES;
				CLANG_WARN_OBJC_LITERAL_CONVERSION = YES;
				CLANG_WARN_OBJC_ROOT_CLASS = YES_ERROR;
				CLANG_WARN_QUOTED_INCLUDE_IN_FRAMEWORK_HEADER = YES;
				CLANG_WARN_RANGE_LOOP_ANALYSIS = YES;
				CLANG_WARN_STRICT_PROTOTYPES = YES;
				CLANG_WARN_SUSPICIOUS_MOVE = YES;
				CLANG_WARN_UNGUARDED_AVAILABILITY = YES_AGGRESSIVE;
				CLANG_WARN_UNREACHABLE_CODE = YES;
				CLANG_WARN__DUPLICATE_METHOD_MATCH = YES;
				COPY_PHASE_STRIP = NO;
				DEBUG_INFORMATION_FORMAT = dwarf;
				ENABLE_STRICT_OBJC_MSGSEND = YES;
				ENABLE_TESTABILITY = YES;
				ENABLE_USER_SCRIPT_SANDBOXING = YES;
				GCC_C_LANGUAGE_STANDARD = gnu17;
				GCC_DYNAMIC_NO_PIC = NO;
				GCC_NO_COMMON_BLOCKS = YES;
				GCC_OPTIMIZATION_LEVEL = 0;
				GCC_PREPROCESSOR_DEFINITIONS = (
					"DEBUG=1",
					"$(inherited)",
				);
				GCC_WARN_64_TO_32_BIT_CONVERSION = YES;
				GCC_WARN_ABOUT_RETURN_TYPE = YES_ERROR;
				GCC_WARN_UNDECLARED_SELECTOR = YES;
				GCC_WARN_UNINITIALIZED_AUTOS = YES_AGGRESSIVE;
				GCC_WARN_UNUSED_FUNCTION = YES;
				GCC_WARN_UNUSED_VARIABLE = YES;
				IPHONEOS_DEPLOYMENT_TARGET = 17.5;
				LOCALIZATION_PREFERS_STRING_CATALOGS = YES;
				MTL_ENABLE_DEBUG_INFO = INCLUDE_SOURCE;
				MTL_FAST_MATH = YES;
				ONLY_ACTIVE_ARCH = YES;
				SDKROOT = iphoneos;
				SWIFT_ACTIVE_COMPILATION_CONDITIONS = "DEBUG $(inherited)";
				SWIFT_OPTIMIZATION_LEVEL = "-Onone";
			};
			name = Debug;
		};
		157CEFCF2C8219BF007F764F /* Release */ = {
			isa = XCBuildConfiguration;
			buildSettings = {
				ALWAYS_SEARCH_USER_PATHS = NO;
				ASSETCATALOG_COMPILER_GENERATE_SWIFT_ASSET_SYMBOL_EXTENSIONS = YES;
				CLANG_ANALYZER_NONNULL = YES;
				CLANG_ANALYZER_NUMBER_OBJECT_CONVERSION = YES_AGGRESSIVE;
				CLANG_CXX_LANGUAGE_STANDARD = "gnu++20";
				CLANG_ENABLE_MODULES = YES;
				CLANG_ENABLE_OBJC_ARC = YES;
				CLANG_ENABLE_OBJC_WEAK = YES;
				CLANG_WARN_BLOCK_CAPTURE_AUTORELEASING = YES;
				CLANG_WARN_BOOL_CONVERSION = YES;
				CLANG_WARN_COMMA = YES;
				CLANG_WARN_CONSTANT_CONVERSION = YES;
				CLANG_WARN_DEPRECATED_OBJC_IMPLEMENTATIONS = YES;
				CLANG_WARN_DIRECT_OBJC_ISA_USAGE = YES_ERROR;
				CLANG_WARN_DOCUMENTATION_COMMENTS = YES;
				CLANG_WARN_EMPTY_BODY = YES;
				CLANG_WARN_ENUM_CONVERSION = YES;
				CLANG_WARN_INFINITE_RECURSION = YES;
				CLANG_WARN_INT_CONVERSION = YES;
				CLANG_WARN_NON_LITERAL_NULL_CONVERSION = YES;
				CLANG_WARN_OBJC_IMPLICIT_RETAIN_SELF = YES;
				CLANG_WARN_OBJC_LITERAL_CONVERSION = YES;
				CLANG_WARN_OBJC_ROOT_CLASS = YES_ERROR;
				CLANG_WARN_QUOTED_INCLUDE_IN_FRAMEWORK_HEADER = YES;
				CLANG_WARN_RANGE_LOOP_ANALYSIS = YES;
				CLANG_WARN_STRICT_PROTOTYPES = YES;
				CLANG_WARN_SUSPICIOUS_MOVE = YES;
				CLANG_WARN_UNGUARDED_AVAILABILITY = YES_AGGRESSIVE;
				CLANG_WARN_UNREACHABLE_CODE = YES;
				CLANG_WARN__DUPLICATE_METHOD_MATCH = YES;
				COPY_PHASE_STRIP = NO;
				DEBUG_INFORMATION_FORMAT = "dwarf-with-dsym";
				ENABLE_NS_ASSERTIONS = NO;
				ENABLE_STRICT_OBJC_MSGSEND = YES;
				ENABLE_USER_SCRIPT_SANDBOXING = YES;
				GCC_C_LANGUAGE_STANDARD = gnu17;
				GCC_NO_COMMON_BLOCKS = YES;
				GCC_WARN_64_TO_32_BIT_CONVERSION = YES;
				GCC_WARN_ABOUT_RETURN_TYPE = YES_ERROR;
				GCC_WARN_UNDECLARED_SELECTOR = YES;
				GCC_WARN_UNINITIALIZED_AUTOS = YES_AGGRESSIVE;
				GCC_WARN_UNUSED_FUNCTION = YES;
				GCC_WARN_UNUSED_VARIABLE = YES;
				IPHONEOS_DEPLOYMENT_TARGET = 17.5;
				LOCALIZATION_PREFERS_STRING_CATALOGS = YES;
				MTL_ENABLE_DEBUG_INFO = NO;
				MTL_FAST_MATH = YES;
				SDKROOT = iphoneos;
				SWIFT_COMPILATION_MODE = wholemodule;
				VALIDATE_PRODUCT = YES;
			};
			name = Release;
		};
		157CEFD12C8219BF007F764F /* Debug */ = {
			isa = XCBuildConfiguration;
			buildSettings = {
				ASSETCATALOG_COMPILER_APPICON_NAME = AppIcon;
				ASSETCATALOG_COMPILER_GLOBAL_ACCENT_COLOR_NAME = AccentColor;
				CODE_SIGN_STYLE = Automatic;
				CURRENT_PROJECT_VERSION = 1;
				GENERATE_INFOPLIST_FILE = YES;
				INFOPLIST_FILE = Restaurant/Info.plist;
				INFOPLIST_KEY_UIApplicationSupportsIndirectInputEvents = YES;
				INFOPLIST_KEY_UILaunchStoryboardName = LaunchScreen;
				INFOPLIST_KEY_UIMainStoryboardFile = Main;
				INFOPLIST_KEY_UISupportedInterfaceOrientations_iPad = "UIInterfaceOrientationPortrait UIInterfaceOrientationPortraitUpsideDown UIInterfaceOrientationLandscapeLeft UIInterfaceOrientationLandscapeRight";
				INFOPLIST_KEY_UISupportedInterfaceOrientations_iPhone = "UIInterfaceOrientationPortrait UIInterfaceOrientationLandscapeLeft UIInterfaceOrientationLandscapeRight";
				LD_RUNPATH_SEARCH_PATHS = (
					"$(inherited)",
					"@executable_path/Frameworks",
				);
				MARKETING_VERSION = 1.0;
				PRODUCT_BUNDLE_IDENTIFIER = com.MahmoudAlaa.Restaurant;
				PRODUCT_NAME = "$(TARGET_NAME)";
				SWIFT_EMIT_LOC_STRINGS = YES;
				SWIFT_VERSION = 5.0;
				TARGETED_DEVICE_FAMILY = "1,2";
			};
			name = Debug;
		};
		157CEFD22C8219BF007F764F /* Release */ = {
			isa = XCBuildConfiguration;
			buildSettings = {
				ASSETCATALOG_COMPILER_APPICON_NAME = AppIcon;
				ASSETCATALOG_COMPILER_GLOBAL_ACCENT_COLOR_NAME = AccentColor;
				CODE_SIGN_STYLE = Automatic;
				CURRENT_PROJECT_VERSION = 1;
				GENERATE_INFOPLIST_FILE = YES;
				INFOPLIST_FILE = Restaurant/Info.plist;
				INFOPLIST_KEY_UIApplicationSupportsIndirectInputEvents = YES;
				INFOPLIST_KEY_UILaunchStoryboardName = LaunchScreen;
				INFOPLIST_KEY_UIMainStoryboardFile = Main;
				INFOPLIST_KEY_UISupportedInterfaceOrientations_iPad = "UIInterfaceOrientationPortrait UIInterfaceOrientationPortraitUpsideDown UIInterfaceOrientationLandscapeLeft UIInterfaceOrientationLandscapeRight";
				INFOPLIST_KEY_UISupportedInterfaceOrientations_iPhone = "UIInterfaceOrientationPortrait UIInterfaceOrientationLandscapeLeft UIInterfaceOrientationLandscapeRight";
				LD_RUNPATH_SEARCH_PATHS = (
					"$(inherited)",
					"@executable_path/Frameworks",
				);
				MARKETING_VERSION = 1.0;
				PRODUCT_BUNDLE_IDENTIFIER = com.MahmoudAlaa.Restaurant;
				PRODUCT_NAME = "$(TARGET_NAME)";
				SWIFT_EMIT_LOC_STRINGS = YES;
				SWIFT_VERSION = 5.0;
				TARGETED_DEVICE_FAMILY = "1,2";
			};
			name = Release;
		};
/* End XCBuildConfiguration section */

/* Begin XCConfigurationList section */
		157CEFB72C8219BE007F764F /* Build configuration list for PBXProject "Restaurant" */ = {
			isa = XCConfigurationList;
			buildConfigurations = (
				157CEFCE2C8219BF007F764F /* Debug */,
				157CEFCF2C8219BF007F764F /* Release */,
			);
			defaultConfigurationIsVisible = 0;
			defaultConfigurationName = Release;
		};
		157CEFD02C8219BF007F764F /* Build configuration list for PBXNativeTarget "Restaurant" */ = {
			isa = XCConfigurationList;
			buildConfigurations = (
				157CEFD12C8219BF007F764F /* Debug */,
				157CEFD22C8219BF007F764F /* Release */,
			);
			defaultConfigurationIsVisible = 0;
			defaultConfigurationName = Release;
		};
/* End XCConfigurationList section */
	};
	rootObject = 157CEFB42C8219BE007F764F /* Project object */;
}
